
Microsoft Visual Studio Solution File, Format Version 12.00
# Visual Studio Version 16
VisualStudioVersion = 16.0.30309.148
MinimumVisualStudioVersion = 10.0.40219.1
Project("{9A19103F-16F7-4668-BE54-9A1E7A4F7556}") = "Kata.FizzBuzz.Specs", "Kata.FizzBuzz.Specs\Kata.FizzBuzz.Specs.csproj", "{DD0A859F-E043-4034-8B98-64001CE41BDD}"
EndProject
Project("{FAE04EC0-301F-11D3-BF4B-00C04F79EFBC}") = "Kata.LeapYears.Specs", "Kata.LeapYears.Specs\Kata.LeapYears.Specs.csproj", "{2D772AEB-ED14-4C79-80CD-72C378FFEFB6}"
EndProject
Global
	GlobalSection(SolutionConfigurationPlatforms) = preSolution
		Debug|Any CPU = Debug|Any CPU
		Release|Any CPU = Release|Any CPU
	EndGlobalSection
	GlobalSection(ProjectConfigurationPlatforms) = postSolution
		{DD0A859F-E043-4034-8B98-64001CE41BDD}.Debug|Any CPU.ActiveCfg = Debug|Any CPU
		{DD0A859F-E043-4034-8B98-64001CE41BDD}.Debug|Any CPU.Build.0 = Debug|Any CPU
		{DD0A859F-E043-4034-8B98-64001CE41BDD}.Release|Any CPU.ActiveCfg = Release|Any CPU
		{DD0A859F-E043-4034-8B98-64001CE41BDD}.Release|Any CPU.Build.0 = Release|Any CPU
		{2D772AEB-ED14-4C79-80CD-72C378FFEFB6}.Debug|Any CPU.ActiveCfg = Debug|Any CPU
		{2D772AEB-ED14-4C79-80CD-72C378FFEFB6}.Debug|Any CPU.Build.0 = Debug|Any CPU
		{2D772AEB-ED14-4C79-80CD-72C378FFEFB6}.Release|Any CPU.ActiveCfg = Release|Any CPU
		{2D772AEB-ED14-4C79-80CD-72C378FFEFB6}.Release|Any CPU.Build.0 = Release|Any CPU
	EndGlobalSection
	GlobalSection(SolutionProperties) = preSolution
		HideSolutionNode = FALSE
	EndGlobalSection
	GlobalSection(ExtensibilityGlobals) = postSolution
		SolutionGuid = {831457A6-C462-43D1-8AD4-2E06F0DCEA30}
	EndGlobalSection
EndGlobal
